// !$*UTF8*$!
{
	archiveVersion = 1;
	classes = {
	};
	objectVersion = 48;
	objects = {

/* Begin PBXBuildFile section */
		B6D3A5F0209E071D004E0240 /* AppDelegate.swift in Sources */ = {isa = PBXBuildFile; fileRef = B6D3A5EF209E071D004E0240 /* AppDelegate.swift */; };
		B6D3A5F2209E071D004E0240 /* ViewController.swift in Sources */ = {isa = PBXBuildFile; fileRef = B6D3A5F1209E071D004E0240 /* ViewController.swift */; };
		B6D3A5F5209E071D004E0240 /* Main.storyboard in Resources */ = {isa = PBXBuildFile; fileRef = B6D3A5F3209E071D004E0240 /* Main.storyboard */; };
		B6D3A5F7209E071D004E0240 /* Assets.xcassets in Resources */ = {isa = PBXBuildFile; fileRef = B6D3A5F6209E071D004E0240 /* Assets.xcassets */; };
		B6D3A5FA209E071D004E0240 /* LaunchScreen.storyboard in Resources */ = {isa = PBXBuildFile; fileRef = B6D3A5F8209E071D004E0240 /* LaunchScreen.storyboard */; };
		B6D3A605209E071D004E0240 /* NotificationsTests.swift in Sources */ = {isa = PBXBuildFile; fileRef = B6D3A604209E071D004E0240 /* NotificationsTests.swift */; };
		B6D3A610209E071D004E0240 /* NotificationsUITests.swift in Sources */ = {isa = PBXBuildFile; fileRef = B6D3A60F209E071D004E0240 /* NotificationsUITests.swift */; };
		B6D3A65F209E2791004E0240 /* Screen Shot 2018-05-05 at 11.24.29 PM.png in Resources */ = {isa = PBXBuildFile; fileRef = B6D3A65D209E2791004E0240 /* Screen Shot 2018-05-05 at 11.24.29 PM.png */; };
		B6D3A660209E2791004E0240 /* Screen Shot 2018-05-05 at 11.24.42 PM.png in Resources */ = {isa = PBXBuildFile; fileRef = B6D3A65E209E2791004E0240 /* Screen Shot 2018-05-05 at 11.24.42 PM.png */; };
/* End PBXBuildFile section */

/* Begin PBXContainerItemProxy section */
		B6D3A601209E071D004E0240 /* PBXContainerItemProxy */ = {
			isa = PBXContainerItemProxy;
			containerPortal = B6D3A5E4209E071D004E0240 /* Project object */;
			proxyType = 1;
			remoteGlobalIDString = B6D3A5EB209E071D004E0240;
			remoteInfo = Notifications;
		};
		B6D3A60C209E071D004E0240 /* PBXContainerItemProxy */ = {
			isa = PBXContainerItemProxy;
			containerPortal = B6D3A5E4209E071D004E0240 /* Project object */;
			proxyType = 1;
			remoteGlobalIDString = B6D3A5EB209E071D004E0240;
			remoteInfo = Notifications;
		};
/* End PBXContainerItemProxy section */

/* Begin PBXFileReference section */
		B6D3A5EC209E071D004E0240 /* Notifications.app */ = {isa = PBXFileReference; explicitFileType = wrapper.application; includeInIndex = 0; path = Notifications.app; sourceTree = BUILT_PRODUCTS_DIR; };
		B6D3A5EF209E071D004E0240 /* AppDelegate.swift */ = {isa = PBXFileReference; lastKnownFileType = sourcecode.swift; path = AppDelegate.swift; sourceTree = "<group>"; };
		B6D3A5F1209E071D004E0240 /* ViewController.swift */ = {isa = PBXFileReference; lastKnownFileType = sourcecode.swift; path = ViewController.swift; sourceTree = "<group>"; };
		B6D3A5F4209E071D004E0240 /* Base */ = {isa = PBXFileReference; lastKnownFileType = file.storyboard; name = Base; path = Base.lproj/Main.storyboard; sourceTree = "<group>"; };
		B6D3A5F6209E071D004E0240 /* Assets.xcassets */ = {isa = PBXFileReference; lastKnownFileType = folder.assetcatalog; path = Assets.xcassets; sourceTree = "<group>"; };
		B6D3A5F9209E071D004E0240 /* Base */ = {isa = PBXFileReference; lastKnownFileType = file.storyboard; name = Base; path = Base.lproj/LaunchScreen.storyboard; sourceTree = "<group>"; };
		B6D3A5FB209E071D004E0240 /* Info.plist */ = {isa = PBXFileReference; lastKnownFileType = text.plist.xml; path = Info.plist; sourceTree = "<group>"; };
		B6D3A600209E071D004E0240 /* NotificationsTests.xctest */ = {isa = PBXFileReference; explicitFileType = wrapper.cfbundle; includeInIndex = 0; path = NotificationsTests.xctest; sourceTree = BUILT_PRODUCTS_DIR; };
		B6D3A604209E071D004E0240 /* NotificationsTests.swift */ = {isa = PBXFileReference; lastKnownFileType = sourcecode.swift; path = NotificationsTests.swift; sourceTree = "<group>"; };
		B6D3A606209E071D004E0240 /* Info.plist */ = {isa = PBXFileReference; lastKnownFileType = text.plist.xml; path = Info.plist; sourceTree = "<group>"; };
		B6D3A60B209E071D004E0240 /* NotificationsUITests.xctest */ = {isa = PBXFileReference; explicitFileType = wrapper.cfbundle; includeInIndex = 0; path = NotificationsUITests.xctest; sourceTree = BUILT_PRODUCTS_DIR; };
		B6D3A60F209E071D004E0240 /* NotificationsUITests.swift */ = {isa = PBXFileReference; lastKnownFileType = sourcecode.swift; path = NotificationsUITests.swift; sourceTree = "<group>"; };
		B6D3A611209E071D004E0240 /* Info.plist */ = {isa = PBXFileReference; lastKnownFileType = text.plist.xml; path = Info.plist; sourceTree = "<group>"; };
		B6D3A65D209E2791004E0240 /* Screen Shot 2018-05-05 at 11.24.29 PM.png */ = {isa = PBXFileReference; lastKnownFileType = image.png; path = "Screen Shot 2018-05-05 at 11.24.29 PM.png"; sourceTree = "<group>"; };
		B6D3A65E209E2791004E0240 /* Screen Shot 2018-05-05 at 11.24.42 PM.png */ = {isa = PBXFileReference; lastKnownFileType = image.png; path = "Screen Shot 2018-05-05 at 11.24.42 PM.png"; sourceTree = "<group>"; };
/* End PBXFileReference section */

/* Begin PBXFrameworksBuildPhase section */
		B6D3A5E9209E071D004E0240 /* Frameworks */ = {
			isa = PBXFrameworksBuildPhase;
			buildActionMask = 2147483647;
			files = (
			);
			runOnlyForDeploymentPostprocessing = 0;
		};
		B6D3A5FD209E071D004E0240 /* Frameworks */ = {
			isa = PBXFrameworksBuildPhase;
			buildActionMask = 2147483647;
			files = (
			);
			runOnlyForDeploymentPostprocessing = 0;
		};
		B6D3A608209E071D004E0240 /* Frameworks */ = {
			isa = PBXFrameworksBuildPhase;
			buildActionMask = 2147483647;
			files = (
			);
			runOnlyForDeploymentPostprocessing = 0;
		};
/* End PBXFrameworksBuildPhase section */

/* Begin PBXGroup section */
		B6D3A5E3209E071D004E0240 = {
			isa = PBXGroup;
			children = (
				B6D3A65C209E271A004E0240 /* Screenshots */,
				B6D3A5EE209E071D004E0240 /* Notifications */,
				B6D3A603209E071D004E0240 /* NotificationsTests */,
				B6D3A60E209E071D004E0240 /* NotificationsUITests */,
				B6D3A5ED209E071D004E0240 /* Products */,
			);
			sourceTree = "<group>";
		};
		B6D3A5ED209E071D004E0240 /* Products */ = {
			isa = PBXGroup;
			children = (
				B6D3A5EC209E071D004E0240 /* Notifications.app */,
				B6D3A600209E071D004E0240 /* NotificationsTests.xctest */,
				B6D3A60B209E071D004E0240 /* NotificationsUITests.xctest */,
			);
			name = Products;
			sourceTree = "<group>";
		};
		B6D3A5EE209E071D004E0240 /* Notifications */ = {
			isa = PBXGroup;
			children = (
				B6D3A5EF209E071D004E0240 /* AppDelegate.swift */,
				B6D3A5F1209E071D004E0240 /* ViewController.swift */,
				B6D3A5F3209E071D004E0240 /* Main.storyboard */,
				B6D3A5F6209E071D004E0240 /* Assets.xcassets */,
				B6D3A5F8209E071D004E0240 /* LaunchScreen.storyboard */,
				B6D3A5FB209E071D004E0240 /* Info.plist */,
			);
			path = Notifications;
			sourceTree = "<group>";
		};
		B6D3A603209E071D004E0240 /* NotificationsTests */ = {
			isa = PBXGroup;
			children = (
				B6D3A604209E071D004E0240 /* NotificationsTests.swift */,
				B6D3A606209E071D004E0240 /* Info.plist */,
			);
			path = NotificationsTests;
			sourceTree = "<group>";
		};
		B6D3A60E209E071D004E0240 /* NotificationsUITests */ = {
			isa = PBXGroup;
			children = (
				B6D3A60F209E071D004E0240 /* NotificationsUITests.swift */,
				B6D3A611209E071D004E0240 /* Info.plist */,
			);
			path = NotificationsUITests;
			sourceTree = "<group>";
		};
		B6D3A65C209E271A004E0240 /* Screenshots */ = {
			isa = PBXGroup;
			children = (
				B6D3A65D209E2791004E0240 /* Screen Shot 2018-05-05 at 11.24.29 PM.png */,
				B6D3A65E209E2791004E0240 /* Screen Shot 2018-05-05 at 11.24.42 PM.png */,
			);
			path = Screenshots;
			sourceTree = "<group>";
		};
/* End PBXGroup section */

/* Begin PBXNativeTarget section */
		B6D3A5EB209E071D004E0240 /* Notifications */ = {
			isa = PBXNativeTarget;
			buildConfigurationList = B6D3A614209E071D004E0240 /* Build configuration list for PBXNativeTarget "Notifications" */;
			buildPhases = (
				B6D3A5E8209E071D004E0240 /* Sources */,
				B6D3A5E9209E071D004E0240 /* Frameworks */,
				B6D3A5EA209E071D004E0240 /* Resources */,
			);
			buildRules = (
			);
			dependencies = (
			);
			name = Notifications;
			productName = Notifications;
			productReference = B6D3A5EC209E071D004E0240 /* Notifications.app */;
			productType = "com.apple.product-type.application";
		};
		B6D3A5FF209E071D004E0240 /* NotificationsTests */ = {
			isa = PBXNativeTarget;
			buildConfigurationList = B6D3A617209E071D004E0240 /* Build configuration list for PBXNativeTarget "NotificationsTests" */;
			buildPhases = (
				B6D3A5FC209E071D004E0240 /* Sources */,
				B6D3A5FD209E071D004E0240 /* Frameworks */,
				B6D3A5FE209E071D004E0240 /* Resources */,
			);
			buildRules = (
			);
			dependencies = (
				B6D3A602209E071D004E0240 /* PBXTargetDependency */,
			);
			name = NotificationsTests;
			productName = NotificationsTests;
			productReference = B6D3A600209E071D004E0240 /* NotificationsTests.xctest */;
			productType = "com.apple.product-type.bundle.unit-test";
		};
		B6D3A60A209E071D004E0240 /* NotificationsUITests */ = {
			isa = PBXNativeTarget;
			buildConfigurationList = B6D3A61A209E071D004E0240 /* Build configuration list for PBXNativeTarget "NotificationsUITests" */;
			buildPhases = (
				B6D3A607209E071D004E0240 /* Sources */,
				B6D3A608209E071D004E0240 /* Frameworks */,
				B6D3A609209E071D004E0240 /* Resources */,
			);
			buildRules = (
			);
			dependencies = (
				B6D3A60D209E071D004E0240 /* PBXTargetDependency */,
			);
			name = NotificationsUITests;
			productName = NotificationsUITests;
			productReference = B6D3A60B209E071D004E0240 /* NotificationsUITests.xctest */;
			productType = "com.apple.product-type.bundle.ui-testing";
		};
/* End PBXNativeTarget section */

/* Begin PBXProject section */
		B6D3A5E4209E071D004E0240 /* Project object */ = {
			isa = PBXProject;
			attributes = {
				LastSwiftUpdateCheck = 0920;
				LastUpgradeCheck = 0920;
				ORGANIZATIONNAME = "Rajesh Sharma";
				TargetAttributes = {
					B6D3A5EB209E071D004E0240 = {
						CreatedOnToolsVersion = 9.2;
						ProvisioningStyle = Automatic;
					};
					B6D3A5FF209E071D004E0240 = {
						CreatedOnToolsVersion = 9.2;
						ProvisioningStyle = Automatic;
						TestTargetID = B6D3A5EB209E071D004E0240;
					};
					B6D3A60A209E071D004E0240 = {
						CreatedOnToolsVersion = 9.2;
						ProvisioningStyle = Automatic;
						TestTargetID = B6D3A5EB209E071D004E0240;
					};
				};
			};
			buildConfigurationList = B6D3A5E7209E071D004E0240 /* Build configuration list for PBXProject "Notifications" */;
			compatibilityVersion = "Xcode 8.0";
			developmentRegion = en;
			hasScannedForEncodings = 0;
			knownRegions = (
				en,
				Base,
			);
			mainGroup = B6D3A5E3209E071D004E0240;
			productRefGroup = B6D3A5ED209E071D004E0240 /* Products */;
			projectDirPath = "";
			projectRoot = "";
			targets = (
				B6D3A5EB209E071D004E0240 /* Notifications */,
				B6D3A5FF209E071D004E0240 /* NotificationsTests */,
				B6D3A60A209E071D004E0240 /* NotificationsUITests */,
			);
		};
/* End PBXProject section */

/* Begin PBXResourcesBuildPhase section */
		B6D3A5EA209E071D004E0240 /* Resources */ = {
			isa = PBXResourcesBuildPhase;
			buildActionMask = 2147483647;
			files = (
				B6D3A5FA209E071D004E0240 /* LaunchScreen.storyboard in Resources */,
				B6D3A5F7209E071D004E0240 /* Assets.xcassets in Resources */,
				B6D3A65F209E2791004E0240 /* Screen Shot 2018-05-05 at 11.24.29 PM.png in Resources */,
				B6D3A660209E2791004E0240 /* Screen Shot 2018-05-05 at 11.24.42 PM.png in Resources */,
				B6D3A5F5209E071D004E0240 /* Main.storyboard in Resources */,
			);
			runOnlyForDeploymentPostprocessing = 0;
		};
		B6D3A5FE209E071D004E0240 /* Resources */ = {
			isa = PBXResourcesBuildPhase;
			buildActionMask = 2147483647;
			files = (
			);
			runOnlyForDeploymentPostprocessing = 0;
		};
		B6D3A609209E071D004E0240 /* Resources */ = {
			isa = PBXResourcesBuildPhase;
			buildActionMask = 2147483647;
			files = (
			);
			runOnlyForDeploymentPostprocessing = 0;
		};
/* End PBXResourcesBuildPhase section */

/* Begin PBXSourcesBuildPhase section */
		B6D3A5E8209E071D004E0240 /* Sources */ = {
			isa = PBXSourcesBuildPhase;
			buildActionMask = 2147483647;
			files = (
				B6D3A5F2209E071D004E0240 /* ViewController.swift in Sources */,
				B6D3A5F0209E071D004E0240 /* AppDelegate.swift in Sources */,
			);
			runOnlyForDeploymentPostprocessing = 0;
		};
		B6D3A5FC209E071D004E0240 /* Sources */ = {
			isa = PBXSourcesBuildPhase;
			buildActionMask = 2147483647;
			files = (
				B6D3A605209E071D004E0240 /* NotificationsTests.swift in Sources */,
			);
			runOnlyForDeploymentPostprocessing = 0;
		};
		B6D3A607209E071D004E0240 /* Sources */ = {
			isa = PBXSourcesBuildPhase;
			buildActionMask = 2147483647;
			files = (
				B6D3A610209E071D004E0240 /* NotificationsUITests.swift in Sources */,
			);
			runOnlyForDeploymentPostprocessing = 0;
		};
/* End PBXSourcesBuildPhase section */

/* Begin PBXTargetDependency section */
		B6D3A602209E071D004E0240 /* PBXTargetDependency */ = {
			isa = PBXTargetDependency;
			target = B6D3A5EB209E071D004E0240 /* Notifications */;
			targetProxy = B6D3A601209E071D004E0240 /* PBXContainerItemProxy */;
		};
		B6D3A60D209E071D004E0240 /* PBXTargetDependency */ = {
			isa = PBXTargetDependency;
			target = B6D3A5EB209E071D004E0240 /* Notifications */;
			targetProxy = B6D3A60C209E071D004E0240 /* PBXContainerItemProxy */;
		};
/* End PBXTargetDependency section */

/* Begin PBXVariantGroup section */
		B6D3A5F3209E071D004E0240 /* Main.storyboard */ = {
			isa = PBXVariantGroup;
			children = (
				B6D3A5F4209E071D004E0240 /* Base */,
			);
			name = Main.storyboard;
			sourceTree = "<group>";
		};
		B6D3A5F8209E071D004E0240 /* LaunchScreen.storyboard */ = {
			isa = PBXVariantGroup;
			children = (
				B6D3A5F9209E071D004E0240 /* Base */,
			);
			name = LaunchScreen.storyboard;
			sourceTree = "<group>";
		};
/* End PBXVariantGroup section */

/* Begin XCBuildConfiguration section */
		B6D3A612209E071D004E0240 /* Debug */ = {
			isa = XCBuildConfiguration;
			buildSettings = {
				ALWAYS_SEARCH_USER_PATHS = NO;
				CLANG_ANALYZER_NONNULL = YES;
				CLANG_ANALYZER_NUMBER_OBJECT_CONVERSION = YES_AGGRESSIVE;
				CLANG_CXX_LANGUAGE_STANDARD = "gnu++14";
				CLANG_CXX_LIBRARY = "libc++";
				CLANG_ENABLE_MODULES = YES;
				CLANG_ENABLE_OBJC_ARC = YES;
				CLANG_WARN_BLOCK_CAPTURE_AUTORELEASING = YES;
				CLANG_WARN_BOOL_CONVERSION = YES;
				CLANG_WARN_COMMA = YES;
				CLANG_WARN_CONSTANT_CONVERSION = YES;
				CLANG_WARN_DIRECT_OBJC_ISA_USAGE = YES_ERROR;
				CLANG_WARN_DOCUMENTATION_COMMENTS = YES;
				CLANG_WARN_EMPTY_BODY = YES;
				CLANG_WARN_ENUM_CONVERSION = YES;
				CLANG_WARN_INFINITE_RECURSION = YES;
				CLANG_WARN_INT_CONVERSION = YES;
				CLANG_WARN_NON_LITERAL_NULL_CONVERSION = YES;
				CLANG_WARN_OBJC_LITERAL_CONVERSION = YES;
				CLANG_WARN_OBJC_ROOT_CLASS = YES_ERROR;
				CLANG_WARN_RANGE_LOOP_ANALYSIS = YES;
				CLANG_WARN_STRICT_PROTOTYPES = YES;
				CLANG_WARN_SUSPICIOUS_MOVE = YES;
				CLANG_WARN_UNGUARDED_AVAILABILITY = YES_AGGRESSIVE;
				CLANG_WARN_UNREACHABLE_CODE = YES;
				CLANG_WARN__DUPLICATE_METHOD_MATCH = YES;
				CODE_SIGN_IDENTITY = "iPhone Developer";
				COPY_PHASE_STRIP = NO;
				DEBUG_INFORMATION_FORMAT = dwarf;
				ENABLE_STRICT_OBJC_MSGSEND = YES;
				ENABLE_TESTABILITY = YES;
				GCC_C_LANGUAGE_STANDARD = gnu11;
				GCC_DYNAMIC_NO_PIC = NO;
				GCC_NO_COMMON_BLOCKS = YES;
				GCC_OPTIMIZATION_LEVEL = 0;
				GCC_PREPROCESSOR_DEFINITIONS = (
					"DEBUG=1",
					"$(inherited)",
				);
				GCC_WARN_64_TO_32_BIT_CONVERSION = YES;
				GCC_WARN_ABOUT_RETURN_TYPE = YES_ERROR;
				GCC_WARN_UNDECLARED_SELECTOR = YES;
				GCC_WARN_UNINITIALIZED_AUTOS = YES_AGGRESSIVE;
				GCC_WARN_UNUSED_FUNCTION = YES;
				GCC_WARN_UNUSED_VARIABLE = YES;
				IPHONEOS_DEPLOYMENT_TARGET = 11.2;
				MTL_ENABLE_DEBUG_INFO = YES;
				ONLY_ACTIVE_ARCH = YES;
				SDKROOT = iphoneos;
				SWIFT_ACTIVE_COMPILATION_CONDITIONS = DEBUG;
				SWIFT_OPTIMIZATION_LEVEL = "-Onone";
			};
			name = Debug;
		};
		B6D3A613209E071D004E0240 /* Release */ = {
			isa = XCBuildConfiguration;
			buildSettings = {
				ALWAYS_SEARCH_USER_PATHS = NO;
				CLANG_ANALYZER_NONNULL = YES;
				CLANG_ANALYZER_NUMBER_OBJECT_CONVERSION = YES_AGGRESSIVE;
				CLANG_CXX_LANGUAGE_STANDARD = "gnu++14";
				CLANG_CXX_LIBRARY = "libc++";
				CLANG_ENABLE_MODULES = YES;
				CLANG_ENABLE_OBJC_ARC = YES;
				CLANG_WARN_BLOCK_CAPTURE_AUTORELEASING = YES;
				CLANG_WARN_BOOL_CONVERSION = YES;
				CLANG_WARN_COMMA = YES;
				CLANG_WARN_CONSTANT_CONVERSION = YES;
				CLANG_WARN_DIRECT_OBJC_ISA_USAGE = YES_ERROR;
				CLANG_WARN_DOCUMENTATION_COMMENTS = YES;
				CLANG_WARN_EMPTY_BODY = YES;
				CLANG_WARN_ENUM_CONVERSION = YES;
				CLANG_WARN_INFINITE_RECURSION = YES;
				CLANG_WARN_INT_CONVERSION = YES;
				CLANG_WARN_NON_LITERAL_NULL_CONVERSION = YES;
				CLANG_WARN_OBJC_LITERAL_CONVERSION = YES;
				CLANG_WARN_OBJC_ROOT_CLASS = YES_ERROR;
				CLANG_WARN_RANGE_LOOP_ANALYSIS = YES;
				CLANG_WARN_STRICT_PROTOTYPES = YES;
				CLANG_WARN_SUSPICIOUS_MOVE = YES;
				CLANG_WARN_UNGUARDED_AVAILABILITY = YES_AGGRESSIVE;
				CLANG_WARN_UNREACHABLE_CODE = YES;
				CLANG_WARN__DUPLICATE_METHOD_MATCH = YES;
				CODE_SIGN_IDENTITY = "iPhone Developer";
				COPY_PHASE_STRIP = NO;
				DEBUG_INFORMATION_FORMAT = "dwarf-with-dsym";
				ENABLE_NS_ASSERTIONS = NO;
				ENABLE_STRICT_OBJC_MSGSEND = YES;
				GCC_C_LANGUAGE_STANDARD = gnu11;
				GCC_NO_COMMON_BLOCKS = YES;
				GCC_WARN_64_TO_32_BIT_CONVERSION = YES;
				GCC_WARN_ABOUT_RETURN_TYPE = YES_ERROR;
				GCC_WARN_UNDECLARED_SELECTOR = YES;
				GCC_WARN_UNINITIALIZED_AUTOS = YES_AGGRESSIVE;
				GCC_WARN_UNUSED_FUNCTION = YES;
				GCC_WARN_UNUSED_VARIABLE = YES;
				IPHONEOS_DEPLOYMENT_TARGET = 11.2;
				MTL_ENABLE_DEBUG_INFO = NO;
				SDKROOT = iphoneos;
				SWIFT_OPTIMIZATION_LEVEL = "-Owholemodule";
				VALIDATE_PRODUCT = YES;
			};
			name = Release;
		};
		B6D3A615209E071D004E0240 /* Debug */ = {
			isa = XCBuildConfiguration;
			buildSettings = {
				ASSETCATALOG_COMPILER_APPICON_NAME = AppIcon;
				CODE_SIGN_STYLE = Automatic;
				INFOPLIST_FILE = Notifications/Info.plist;
				LD_RUNPATH_SEARCH_PATHS = "$(inherited) @executable_path/Frameworks";
				PRODUCT_BUNDLE_IDENTIFIER = example.Notifications;
				PRODUCT_NAME = "$(TARGET_NAME)";
				SWIFT_VERSION = 4.0;
				TARGETED_DEVICE_FAMILY = "1,2";
			};
			name = Debug;
		};
		B6D3A616209E071D004E0240 /* Release */ = {
			isa = XCBuildConfiguration;
			buildSettings = {
				ASSETCATALOG_COMPILER_APPICON_NAME = AppIcon;
				CODE_SIGN_STYLE = Automatic;
				INFOPLIST_FILE = Notifications/Info.plist;
				LD_RUNPATH_SEARCH_PATHS = "$(inherited) @executable_path/Frameworks";
				PRODUCT_BUNDLE_IDENTIFIER = example.Notifications;
				PRODUCT_NAME = "$(TARGET_NAME)";
				SWIFT_VERSION = 4.0;
				TARGETED_DEVICE_FAMILY = "1,2";
			};
			name = Release;
		};
		B6D3A618209E071D004E0240 /* Debug */ = {
			isa = XCBuildConfiguration;
			buildSettings = {
				ALWAYS_EMBED_SWIFT_STANDARD_LIBRARIES = YES;
				BUNDLE_LOADER = "$(TEST_HOST)";
				CODE_SIGN_STYLE = Automatic;
				INFOPLIST_FILE = NotificationsTests/Info.plist;
				LD_RUNPATH_SEARCH_PATHS = "$(inherited) @executable_path/Frameworks @loader_path/Frameworks";
				PRODUCT_BUNDLE_IDENTIFIER = example.NotificationsTests;
				PRODUCT_NAME = "$(TARGET_NAME)";
				SWIFT_VERSION = 4.0;
				TARGETED_DEVICE_FAMILY = "1,2";
				TEST_HOST = "$(BUILT_PRODUCTS_DIR)/Notifications.app/Notifications";
			};
			name = Debug;
		};
		B6D3A619209E071D004E0240 /* Release */ = {
			isa = XCBuildConfiguration;
			buildSettings = {
				ALWAYS_EMBED_SWIFT_STANDARD_LIBRARIES = YES;
				BUNDLE_LOADER = "$(TEST_HOST)";
				CODE_SIGN_STYLE = Automatic;
				INFOPLIST_FILE = NotificationsTests/Info.plist;
				LD_RUNPATH_SEARCH_PATHS = "$(inherited) @executable_path/Frameworks @loader_path/Frameworks";
				PRODUCT_BUNDLE_IDENTIFIER = example.NotificationsTests;
				PRODUCT_NAME = "$(TARGET_NAME)";
				SWIFT_VERSION = 4.0;
				TARGETED_DEVICE_FAMILY = "1,2";
				TEST_HOST = "$(BUILT_PRODUCTS_DIR)/Notifications.app/Notifications";
			};
			name = Release;
		};
		B6D3A61B209E071D004E0240 /* Debug */ = {
			isa = XCBuildConfiguration;
			buildSettings = {
				ALWAYS_EMBED_SWIFT_STANDARD_LIBRARIES = YES;
				CODE_SIGN_STYLE = Automatic;
				INFOPLIST_FILE = NotificationsUITests/Info.plist;
				LD_RUNPATH_SEARCH_PATHS = "$(inherited) @executable_path/Frameworks @loader_path/Frameworks";
				PRODUCT_BUNDLE_IDENTIFIER = example.NotificationsUITests;
				PRODUCT_NAME = "$(TARGET_NAME)";
				SWIFT_VERSION = 4.0;
				TARGETED_DEVICE_FAMILY = "1,2";
				TEST_TARGET_NAME = Notifications;
			};
			name = Debug;
		};
		B6D3A61C209E071D004E0240 /* Release */ = {
			isa = XCBuildConfiguration;
			buildSettings = {
				ALWAYS_EMBED_SWIFT_STANDARD_LIBRARIES = YES;
				CODE_SIGN_STYLE = Automatic;
				INFOPLIST_FILE = NotificationsUITests/Info.plist;
				LD_RUNPATH_SEARCH_PATHS = "$(inherited) @executable_path/Frameworks @loader_path/Frameworks";
				PRODUCT_BUNDLE_IDENTIFIER = example.NotificationsUITests;
				PRODUCT_NAME = "$(TARGET_NAME)";
				SWIFT_VERSION = 4.0;
				TARGETED_DEVICE_FAMILY = "1,2";
				TEST_TARGET_NAME = Notifications;
			};
			name = Release;
		};
/* End XCBuildConfiguration section */

/* Begin XCConfigurationList section */
		B6D3A5E7209E071D004E0240 /* Build configuration list for PBXProject "Notifications" */ = {
			isa = XCConfigurationList;
			buildConfigurations = (
				B6D3A612209E071D004E0240 /* Debug */,
				B6D3A613209E071D004E0240 /* Release */,
			);
			defaultConfigurationIsVisible = 0;
			defaultConfigurationName = Release;
		};
		B6D3A614209E071D004E0240 /* Build configuration list for PBXNativeTarget "Notifications" */ = {
			isa = XCConfigurationList;
			buildConfigurations = (
				B6D3A615209E071D004E0240 /* Debug */,
				B6D3A616209E071D004E0240 /* Release */,
			);
			defaultConfigurationIsVisible = 0;
			defaultConfigurationName = Release;
		};
		B6D3A617209E071D004E0240 /* Build configuration list for PBXNativeTarget "NotificationsTests" */ = {
			isa = XCConfigurationList;
			buildConfigurations = (
				B6D3A618209E071D004E0240 /* Debug */,
				B6D3A619209E071D004E0240 /* Release */,
			);
			defaultConfigurationIsVisible = 0;
			defaultConfigurationName = Release;
		};
		B6D3A61A209E071D004E0240 /* Build configuration list for PBXNativeTarget "NotificationsUITests" */ = {
			isa = XCConfigurationList;
			buildConfigurations = (
				B6D3A61B209E071D004E0240 /* Debug */,
				B6D3A61C209E071D004E0240 /* Release */,
			);
			defaultConfigurationIsVisible = 0;
			defaultConfigurationName = Release;
		};
/* End XCConfigurationList section */
	};
	rootObject = B6D3A5E4209E071D004E0240 /* Project object */;
}
